
Microsoft Visual Studio Solution File, Format Version 10.00
# Visual Studio 2008
Project("{8BC9CEB8-8B4A-11D0-8D11-00A0C91BC942}") = "USB3.0Demo", "USB3.0Demo\USB3.0Demo.vcproj", "{9E81D152-8BC0-43A8-A947-B33D8BEAC32C}"
EndProject
Global
	GlobalSection(SolutionConfigurationPlatforms) = preSolution
		Debug|Win32 = Debug|Win32
		Release|Win32 = Release|Win32
	EndGlobalSection
	GlobalSection(ProjectConfigurationPlatforms) = postSolution
		{9E81D152-8BC0-43A8-A947-B33D8BEAC32C}.Debug|Win32.ActiveCfg = Debug|Win32
		{9E81D152-8BC0-43A8-A947-B33D8BEAC32C}.Debug|Win32.Build.0 = Debug|Win32
		{9E81D152-8BC0-43A8-A947-B33D8BEAC32C}.Release|Win32.ActiveCfg = Release|Win32
		{9E81D152-8BC0-43A8-A947-B33D8BEAC32C}.Release|Win32.Build.0 = Release|Win32
	EndGlobalSection
	GlobalSection(SolutionProperties) = preSolution
		HideSolutionNode = FALSE
	EndGlobalSection
EndGlobal
